
Microsoft Visual Studio Solution File, Format Version 12.00
Project("{FAE04EC0-301F-11D3-BF4B-00C04F79EFBC}") = "ODT", "ODT\ODT.csproj", "{6C29F18C-C8AD-4382-9DDE-AD49339107FF}"
EndProject
Global
	GlobalSection(SolutionConfigurationPlatforms) = preSolution
		Debug|Any CPU = Debug|Any CPU
		Release|Any CPU = Release|Any CPU
	EndGlobalSection
	GlobalSection(ProjectConfigurationPlatforms) = postSolution
		{6C29F18C-C8AD-4382-9DDE-AD49339107FF}.Debug|Any CPU.ActiveCfg = Debug|Any CPU
		{6C29F18C-C8AD-4382-9DDE-AD49339107FF}.Debug|Any CPU.Build.0 = Debug|Any CPU
		{6C29F18C-C8AD-4382-9DDE-AD49339107FF}.Release|Any CPU.ActiveCfg = Release|Any CPU
		{6C29F18C-C8AD-4382-9DDE-AD49339107FF}.Release|Any CPU.Build.0 = Release|Any CPU
	EndGlobalSection
EndGlobal
